// !$*UTF8*$!
{
	archiveVersion = 1;
	classes = {
	};
	objectVersion = 46;
	objects = {

/* Begin PBXBuildFile section */
		E9D2D2331D9E034B0081CBCD /* main.m in Sources */ = {isa = PBXBuildFile; fileRef = E9D2D2321D9E034B0081CBCD /* main.m */; };
		E9D2D2361D9E034B0081CBCD /* AppDelegate.m in Sources */ = {isa = PBXBuildFile; fileRef = E9D2D2351D9E034B0081CBCD /* AppDelegate.m */; };
		E9D2D2391D9E034B0081CBCD /* ViewController.m in Sources */ = {isa = PBXBuildFile; fileRef = E9D2D2381D9E034B0081CBCD /* ViewController.m */; };
		E9D2D23C1D9E034B0081CBCD /* Main.storyboard in Resources */ = {isa = PBXBuildFile; fileRef = E9D2D23A1D9E034B0081CBCD /* Main.storyboard */; };
		E9D2D23E1D9E034B0081CBCD /* Assets.xcassets in Resources */ = {isa = PBXBuildFile; fileRef = E9D2D23D1D9E034B0081CBCD /* Assets.xcassets */; };
		E9D2D2411D9E034B0081CBCD /* LaunchScreen.storyboard in Resources */ = {isa = PBXBuildFile; fileRef = E9D2D23F1D9E034B0081CBCD /* LaunchScreen.storyboard */; };
		E9D2D24C1D9E034B0081CBCD /* IntraCityServiceTests.m in Sources */ = {isa = PBXBuildFile; fileRef = E9D2D24B1D9E034B0081CBCD /* IntraCityServiceTests.m */; };
		E9D2D2571D9E034B0081CBCD /* IntraCityServiceUITests.m in Sources */ = {isa = PBXBuildFile; fileRef = E9D2D2561D9E034B0081CBCD /* IntraCityServiceUITests.m */; };
/* End PBXBuildFile section */

/* Begin PBXContainerItemProxy section */
		E9D2D2481D9E034B0081CBCD /* PBXContainerItemProxy */ = {
			isa = PBXContainerItemProxy;
			containerPortal = E9D2D2261D9E034B0081CBCD /* Project object */;
			proxyType = 1;
			remoteGlobalIDString = E9D2D22D1D9E034B0081CBCD;
			remoteInfo = IntraCityService;
		};
		E9D2D2531D9E034B0081CBCD /* PBXContainerItemProxy */ = {
			isa = PBXContainerItemProxy;
			containerPortal = E9D2D2261D9E034B0081CBCD /* Project object */;
			proxyType = 1;
			remoteGlobalIDString = E9D2D22D1D9E034B0081CBCD;
			remoteInfo = IntraCityService;
		};
/* End PBXContainerItemProxy section */

/* Begin PBXFileReference section */
		E9D2D22E1D9E034B0081CBCD /* IntraCityService.app */ = {isa = PBXFileReference; explicitFileType = wrapper.application; includeInIndex = 0; path = IntraCityService.app; sourceTree = BUILT_PRODUCTS_DIR; };
		E9D2D2321D9E034B0081CBCD /* main.m */ = {isa = PBXFileReference; lastKnownFileType = sourcecode.c.objc; path = main.m; sourceTree = "<group>"; };
		E9D2D2341D9E034B0081CBCD /* AppDelegate.h */ = {isa = PBXFileReference; lastKnownFileType = sourcecode.c.h; path = AppDelegate.h; sourceTree = "<group>"; };
		E9D2D2351D9E034B0081CBCD /* AppDelegate.m */ = {isa = PBXFileReference; lastKnownFileType = sourcecode.c.objc; path = AppDelegate.m; sourceTree = "<group>"; };
		E9D2D2371D9E034B0081CBCD /* ViewController.h */ = {isa = PBXFileReference; lastKnownFileType = sourcecode.c.h; path = ViewController.h; sourceTree = "<group>"; };
		E9D2D2381D9E034B0081CBCD /* ViewController.m */ = {isa = PBXFileReference; lastKnownFileType = sourcecode.c.objc; path = ViewController.m; sourceTree = "<group>"; };
		E9D2D23B1D9E034B0081CBCD /* Base */ = {isa = PBXFileReference; lastKnownFileType = file.storyboard; name = Base; path = Base.lproj/Main.storyboard; sourceTree = "<group>"; };
		E9D2D23D1D9E034B0081CBCD /* Assets.xcassets */ = {isa = PBXFileReference; lastKnownFileType = folder.assetcatalog; path = Assets.xcassets; sourceTree = "<group>"; };
		E9D2D2401D9E034B0081CBCD /* Base */ = {isa = PBXFileReference; lastKnownFileType = file.storyboard; name = Base; path = Base.lproj/LaunchScreen.storyboard; sourceTree = "<group>"; };
		E9D2D2421D9E034B0081CBCD /* Info.plist */ = {isa = PBXFileReference; lastKnownFileType = text.plist.xml; path = Info.plist; sourceTree = "<group>"; };
		E9D2D2471D9E034B0081CBCD /* IntraCityServiceTests.xctest */ = {isa = PBXFileReference; explicitFileType = wrapper.cfbundle; includeInIndex = 0; path = IntraCityServiceTests.xctest; sourceTree = BUILT_PRODUCTS_DIR; };
		E9D2D24B1D9E034B0081CBCD /* IntraCityServiceTests.m */ = {isa = PBXFileReference; lastKnownFileType = sourcecode.c.objc; path = IntraCityServiceTests.m; sourceTree = "<group>"; };
		E9D2D24D1D9E034B0081CBCD /* Info.plist */ = {isa = PBXFileReference; lastKnownFileType = text.plist.xml; path = Info.plist; sourceTree = "<group>"; };
		E9D2D2521D9E034B0081CBCD /* IntraCityServiceUITests.xctest */ = {isa = PBXFileReference; explicitFileType = wrapper.cfbundle; includeInIndex = 0; path = IntraCityServiceUITests.xctest; sourceTree = BUILT_PRODUCTS_DIR; };
		E9D2D2561D9E034B0081CBCD /* IntraCityServiceUITests.m */ = {isa = PBXFileReference; lastKnownFileType = sourcecode.c.objc; path = IntraCityServiceUITests.m; sourceTree = "<group>"; };
		E9D2D2581D9E034B0081CBCD /* Info.plist */ = {isa = PBXFileReference; lastKnownFileType = text.plist.xml; path = Info.plist; sourceTree = "<group>"; };
/* End PBXFileReference section */

/* Begin PBXFrameworksBuildPhase section */
		E9D2D22B1D9E034B0081CBCD /* Frameworks */ = {
			isa = PBXFrameworksBuildPhase;
			buildActionMask = 2147483647;
			files = (
			);
			runOnlyForDeploymentPostprocessing = 0;
		};
		E9D2D2441D9E034B0081CBCD /* Frameworks */ = {
			isa = PBXFrameworksBuildPhase;
			buildActionMask = 2147483647;
			files = (
			);
			runOnlyForDeploymentPostprocessing = 0;
		};
		E9D2D24F1D9E034B0081CBCD /* Frameworks */ = {
			isa = PBXFrameworksBuildPhase;
			buildActionMask = 2147483647;
			files = (
			);
			runOnlyForDeploymentPostprocessing = 0;
		};
/* End PBXFrameworksBuildPhase section */

/* Begin PBXGroup section */
		E9D2D2251D9E034B0081CBCD = {
			isa = PBXGroup;
			children = (
				E9D2D2301D9E034B0081CBCD /* IntraCityService */,
				E9D2D24A1D9E034B0081CBCD /* IntraCityServiceTests */,
				E9D2D2551D9E034B0081CBCD /* IntraCityServiceUITests */,
				E9D2D22F1D9E034B0081CBCD /* Products */,
			);
			sourceTree = "<group>";
		};
		E9D2D22F1D9E034B0081CBCD /* Products */ = {
			isa = PBXGroup;
			children = (
				E9D2D22E1D9E034B0081CBCD /* IntraCityService.app */,
				E9D2D2471D9E034B0081CBCD /* IntraCityServiceTests.xctest */,
				E9D2D2521D9E034B0081CBCD /* IntraCityServiceUITests.xctest */,
			);
			name = Products;
			sourceTree = "<group>";
		};
		E9D2D2301D9E034B0081CBCD /* IntraCityService */ = {
			isa = PBXGroup;
			children = (
				E9D2D2341D9E034B0081CBCD /* AppDelegate.h */,
				E9D2D2351D9E034B0081CBCD /* AppDelegate.m */,
				E9D2D2371D9E034B0081CBCD /* ViewController.h */,
				E9D2D2381D9E034B0081CBCD /* ViewController.m */,
				E9D2D23A1D9E034B0081CBCD /* Main.storyboard */,
				E9D2D23D1D9E034B0081CBCD /* Assets.xcassets */,
				E9D2D23F1D9E034B0081CBCD /* LaunchScreen.storyboard */,
				E9D2D2421D9E034B0081CBCD /* Info.plist */,
				E9D2D2311D9E034B0081CBCD /* Supporting Files */,
			);
			path = IntraCityService;
			sourceTree = "<group>";
		};
		E9D2D2311D9E034B0081CBCD /* Supporting Files */ = {
			isa = PBXGroup;
			children = (
				E9D2D2321D9E034B0081CBCD /* main.m */,
			);
			name = "Supporting Files";
			sourceTree = "<group>";
		};
		E9D2D24A1D9E034B0081CBCD /* IntraCityServiceTests */ = {
			isa = PBXGroup;
			children = (
				E9D2D24B1D9E034B0081CBCD /* IntraCityServiceTests.m */,
				E9D2D24D1D9E034B0081CBCD /* Info.plist */,
			);
			path = IntraCityServiceTests;
			sourceTree = "<group>";
		};
		E9D2D2551D9E034B0081CBCD /* IntraCityServiceUITests */ = {
			isa = PBXGroup;
			children = (
				E9D2D2561D9E034B0081CBCD /* IntraCityServiceUITests.m */,
				E9D2D2581D9E034B0081CBCD /* Info.plist */,
			);
			path = IntraCityServiceUITests;
			sourceTree = "<group>";
		};
/* End PBXGroup section */

/* Begin PBXNativeTarget section */
		E9D2D22D1D9E034B0081CBCD /* IntraCityService */ = {
			isa = PBXNativeTarget;
			buildConfigurationList = E9D2D25B1D9E034B0081CBCD /* Build configuration list for PBXNativeTarget "IntraCityService" */;
			buildPhases = (
				E9D2D22A1D9E034B0081CBCD /* Sources */,
				E9D2D22B1D9E034B0081CBCD /* Frameworks */,
				E9D2D22C1D9E034B0081CBCD /* Resources */,
			);
			buildRules = (
			);
			dependencies = (
			);
			name = IntraCityService;
			productName = IntraCityService;
			productReference = E9D2D22E1D9E034B0081CBCD /* IntraCityService.app */;
			productType = "com.apple.product-type.application";
		};
		E9D2D2461D9E034B0081CBCD /* IntraCityServiceTests */ = {
			isa = PBXNativeTarget;
			buildConfigurationList = E9D2D25E1D9E034B0081CBCD /* Build configuration list for PBXNativeTarget "IntraCityServiceTests" */;
			buildPhases = (
				E9D2D2431D9E034B0081CBCD /* Sources */,
				E9D2D2441D9E034B0081CBCD /* Frameworks */,
				E9D2D2451D9E034B0081CBCD /* Resources */,
			);
			buildRules = (
			);
			dependencies = (
				E9D2D2491D9E034B0081CBCD /* PBXTargetDependency */,
			);
			name = IntraCityServiceTests;
			productName = IntraCityServiceTests;
			productReference = E9D2D2471D9E034B0081CBCD /* IntraCityServiceTests.xctest */;
			productType = "com.apple.product-type.bundle.unit-test";
		};
		E9D2D2511D9E034B0081CBCD /* IntraCityServiceUITests */ = {
			isa = PBXNativeTarget;
			buildConfigurationList = E9D2D2611D9E034B0081CBCD /* Build configuration list for PBXNativeTarget "IntraCityServiceUITests" */;
			buildPhases = (
				E9D2D24E1D9E034B0081CBCD /* Sources */,
				E9D2D24F1D9E034B0081CBCD /* Frameworks */,
				E9D2D2501D9E034B0081CBCD /* Resources */,
			);
			buildRules = (
			);
			dependencies = (
				E9D2D2541D9E034B0081CBCD /* PBXTargetDependency */,
			);
			name = IntraCityServiceUITests;
			productName = IntraCityServiceUITests;
			productReference = E9D2D2521D9E034B0081CBCD /* IntraCityServiceUITests.xctest */;
			productType = "com.apple.product-type.bundle.ui-testing";
		};
/* End PBXNativeTarget section */

/* Begin PBXProject section */
		E9D2D2261D9E034B0081CBCD /* Project object */ = {
			isa = PBXProject;
			attributes = {
				LastUpgradeCheck = 0700;
				ORGANIZATIONNAME = ningchanglong;
				TargetAttributes = {
					E9D2D22D1D9E034B0081CBCD = {
						CreatedOnToolsVersion = 7.0;
					};
					E9D2D2461D9E034B0081CBCD = {
						CreatedOnToolsVersion = 7.0;
						TestTargetID = E9D2D22D1D9E034B0081CBCD;
					};
					E9D2D2511D9E034B0081CBCD = {
						CreatedOnToolsVersion = 7.0;
						TestTargetID = E9D2D22D1D9E034B0081CBCD;
					};
				};
			};
			buildConfigurationList = E9D2D2291D9E034B0081CBCD /* Build configuration list for PBXProject "IntraCityService" */;
			compatibilityVersion = "Xcode 3.2";
			developmentRegion = English;
			hasScannedForEncodings = 0;
			knownRegions = (
				en,
				Base,
			);
			mainGroup = E9D2D2251D9E034B0081CBCD;
			productRefGroup = E9D2D22F1D9E034B0081CBCD /* Products */;
			projectDirPath = "";
			projectRoot = "";
			targets = (
				E9D2D22D1D9E034B0081CBCD /* IntraCityService */,
				E9D2D2461D9E034B0081CBCD /* IntraCityServiceTests */,
				E9D2D2511D9E034B0081CBCD /* IntraCityServiceUITests */,
			);
		};
/* End PBXProject section */

/* Begin PBXResourcesBuildPhase section */
		E9D2D22C1D9E034B0081CBCD /* Resources */ = {
			isa = PBXResourcesBuildPhase;
			buildActionMask = 2147483647;
			files = (
				E9D2D2411D9E034B0081CBCD /* LaunchScreen.storyboard in Resources */,
				E9D2D23E1D9E034B0081CBCD /* Assets.xcassets in Resources */,
				E9D2D23C1D9E034B0081CBCD /* Main.storyboard in Resources */,
			);
			runOnlyForDeploymentPostprocessing = 0;
		};
		E9D2D2451D9E034B0081CBCD /* Resources */ = {
			isa = PBXResourcesBuildPhase;
			buildActionMask = 2147483647;
			files = (
			);
			runOnlyForDeploymentPostprocessing = 0;
		};
		E9D2D2501D9E034B0081CBCD /* Resources */ = {
			isa = PBXResourcesBuildPhase;
			buildActionMask = 2147483647;
			files = (
			);
			runOnlyForDeploymentPostprocessing = 0;
		};
/* End PBXResourcesBuildPhase section */

/* Begin PBXSourcesBuildPhase section */
		E9D2D22A1D9E034B0081CBCD /* Sources */ = {
			isa = PBXSourcesBuildPhase;
			buildActionMask = 2147483647;
			files = (
				E9D2D2391D9E034B0081CBCD /* ViewController.m in Sources */,
				E9D2D2361D9E034B0081CBCD /* AppDelegate.m in Sources */,
				E9D2D2331D9E034B0081CBCD /* main.m in Sources */,
			);
			runOnlyForDeploymentPostprocessing = 0;
		};
		E9D2D2431D9E034B0081CBCD /* Sources */ = {
			isa = PBXSourcesBuildPhase;
			buildActionMask = 2147483647;
			files = (
				E9D2D24C1D9E034B0081CBCD /* IntraCityServiceTests.m in Sources */,
			);
			runOnlyForDeploymentPostprocessing = 0;
		};
		E9D2D24E1D9E034B0081CBCD /* Sources */ = {
			isa = PBXSourcesBuildPhase;
			buildActionMask = 2147483647;
			files = (
				E9D2D2571D9E034B0081CBCD /* IntraCityServiceUITests.m in Sources */,
			);
			runOnlyForDeploymentPostprocessing = 0;
		};
/* End PBXSourcesBuildPhase section */

/* Begin PBXTargetDependency section */
		E9D2D2491D9E034B0081CBCD /* PBXTargetDependency */ = {
			isa = PBXTargetDependency;
			target = E9D2D22D1D9E034B0081CBCD /* IntraCityService */;
			targetProxy = E9D2D2481D9E034B0081CBCD /* PBXContainerItemProxy */;
		};
		E9D2D2541D9E034B0081CBCD /* PBXTargetDependency */ = {
			isa = PBXTargetDependency;
			target = E9D2D22D1D9E034B0081CBCD /* IntraCityService */;
			targetProxy = E9D2D2531D9E034B0081CBCD /* PBXContainerItemProxy */;
		};
/* End PBXTargetDependency section */

/* Begin PBXVariantGroup section */
		E9D2D23A1D9E034B0081CBCD /* Main.storyboard */ = {
			isa = PBXVariantGroup;
			children = (
				E9D2D23B1D9E034B0081CBCD /* Base */,
			);
			name = Main.storyboard;
			sourceTree = "<group>";
		};
		E9D2D23F1D9E034B0081CBCD /* LaunchScreen.storyboard */ = {
			isa = PBXVariantGroup;
			children = (
				E9D2D2401D9E034B0081CBCD /* Base */,
			);
			name = LaunchScreen.storyboard;
			sourceTree = "<group>";
		};
/* End PBXVariantGroup section */

/* Begin XCBuildConfiguration section */
		E9D2D2591D9E034B0081CBCD /* Debug */ = {
			isa = XCBuildConfiguration;
			buildSettings = {
				ALWAYS_SEARCH_USER_PATHS = NO;
				CLANG_CXX_LANGUAGE_STANDARD = "gnu++0x";
				CLANG_CXX_LIBRARY = "libc++";
				CLANG_ENABLE_MODULES = YES;
				CLANG_ENABLE_OBJC_ARC = YES;
				CLANG_WARN_BOOL_CONVERSION = YES;
				CLANG_WARN_CONSTANT_CONVERSION = YES;
				CLANG_WARN_DIRECT_OBJC_ISA_USAGE = YES_ERROR;
				CLANG_WARN_EMPTY_BODY = YES;
				CLANG_WARN_ENUM_CONVERSION = YES;
				CLANG_WARN_INT_CONVERSION = YES;
				CLANG_WARN_OBJC_ROOT_CLASS = YES_ERROR;
				CLANG_WARN_UNREACHABLE_CODE = YES;
				CLANG_WARN__DUPLICATE_METHOD_MATCH = YES;
				"CODE_SIGN_IDENTITY[sdk=iphoneos*]" = "iPhone Developer";
				COPY_PHASE_STRIP = NO;
				DEBUG_INFORMATION_FORMAT = dwarf;
				ENABLE_STRICT_OBJC_MSGSEND = YES;
				ENABLE_TESTABILITY = YES;
				GCC_C_LANGUAGE_STANDARD = gnu99;
				GCC_DYNAMIC_NO_PIC = NO;
				GCC_NO_COMMON_BLOCKS = YES;
				GCC_OPTIMIZATION_LEVEL = 0;
				GCC_PREPROCESSOR_DEFINITIONS = (
					"DEBUG=1",
					"$(inherited)",
				);
				GCC_WARN_64_TO_32_BIT_CONVERSION = YES;
				GCC_WARN_ABOUT_RETURN_TYPE = YES_ERROR;
				GCC_WARN_UNDECLARED_SELECTOR = YES;
				GCC_WARN_UNINITIALIZED_AUTOS = YES_AGGRESSIVE;
				GCC_WARN_UNUSED_FUNCTION = YES;
				GCC_WARN_UNUSED_VARIABLE = YES;
				IPHONEOS_DEPLOYMENT_TARGET = 9.0;
				MTL_ENABLE_DEBUG_INFO = YES;
				ONLY_ACTIVE_ARCH = YES;
				SDKROOT = iphoneos;
				TARGETED_DEVICE_FAMILY = "1,2";
			};
			name = Debug;
		};
		E9D2D25A1D9E034B0081CBCD /* Release */ = {
			isa = XCBuildConfiguration;
			buildSettings = {
				ALWAYS_SEARCH_USER_PATHS = NO;
				CLANG_CXX_LANGUAGE_STANDARD = "gnu++0x";
				CLANG_CXX_LIBRARY = "libc++";
				CLANG_ENABLE_MODULES = YES;
				CLANG_ENABLE_OBJC_ARC = YES;
				CLANG_WARN_BOOL_CONVERSION = YES;
				CLANG_WARN_CONSTANT_CONVERSION = YES;
				CLANG_WARN_DIRECT_OBJC_ISA_USAGE = YES_ERROR;
				CLANG_WARN_EMPTY_BODY = YES;
				CLANG_WARN_ENUM_CONVERSION = YES;
				CLANG_WARN_INT_CONVERSION = YES;
				CLANG_WARN_OBJC_ROOT_CLASS = YES_ERROR;
				CLANG_WARN_UNREACHABLE_CODE = YES;
				CLANG_WARN__DUPLICATE_METHOD_MATCH = YES;
				"CODE_SIGN_IDENTITY[sdk=iphoneos*]" = "iPhone Developer";
				COPY_PHASE_STRIP = NO;
				DEBUG_INFORMATION_FORMAT = "dwarf-with-dsym";
				ENABLE_NS_ASSERTIONS = NO;
				ENABLE_STRICT_OBJC_MSGSEND = YES;
				GCC_C_LANGUAGE_STANDARD = gnu99;
				GCC_NO_COMMON_BLOCKS = YES;
				GCC_WARN_64_TO_32_BIT_CONVERSION = YES;
				GCC_WARN_ABOUT_RETURN_TYPE = YES_ERROR;
				GCC_WARN_UNDECLARED_SELECTOR = YES;
				GCC_WARN_UNINITIALIZED_AUTOS = YES_AGGRESSIVE;
				GCC_WARN_UNUSED_FUNCTION = YES;
				GCC_WARN_UNUSED_VARIABLE = YES;
				IPHONEOS_DEPLOYMENT_TARGET = 9.0;
				MTL_ENABLE_DEBUG_INFO = NO;
				SDKROOT = iphoneos;
				TARGETED_DEVICE_FAMILY = "1,2";
				VALIDATE_PRODUCT = YES;
			};
			name = Release;
		};
		E9D2D25C1D9E034B0081CBCD /* Debug */ = {
			isa = XCBuildConfiguration;
			buildSettings = {
				ASSETCATALOG_COMPILER_APPICON_NAME = AppIcon;
				INFOPLIST_FILE = IntraCityService/Info.plist;
				LD_RUNPATH_SEARCH_PATHS = "$(inherited) @executable_path/Frameworks";
				PRODUCT_BUNDLE_IDENTIFIER = com.ningchanglong.IntraCityService;
				PRODUCT_NAME = "$(TARGET_NAME)";
			};
			name = Debug;
		};
		E9D2D25D1D9E034B0081CBCD /* Release */ = {
			isa = XCBuildConfiguration;
			buildSettings = {
				ASSETCATALOG_COMPILER_APPICON_NAME = AppIcon;
				INFOPLIST_FILE = IntraCityService/Info.plist;
				LD_RUNPATH_SEARCH_PATHS = "$(inherited) @executable_path/Frameworks";
				PRODUCT_BUNDLE_IDENTIFIER = com.ningchanglong.IntraCityService;
				PRODUCT_NAME = "$(TARGET_NAME)";
			};
			name = Release;
		};
		E9D2D25F1D9E034B0081CBCD /* Debug */ = {
			isa = XCBuildConfiguration;
			buildSettings = {
				BUNDLE_LOADER = "$(TEST_HOST)";
				INFOPLIST_FILE = IntraCityServiceTests/Info.plist;
				LD_RUNPATH_SEARCH_PATHS = "$(inherited) @executable_path/Frameworks @loader_path/Frameworks";
				PRODUCT_BUNDLE_IDENTIFIER = com.ningchanglong.IntraCityServiceTests;
				PRODUCT_NAME = "$(TARGET_NAME)";
				TEST_HOST = "$(BUILT_PRODUCTS_DIR)/IntraCityService.app/IntraCityService";
			};
			name = Debug;
		};
		E9D2D2601D9E034B0081CBCD /* Release */ = {
			isa = XCBuildConfiguration;
			buildSettings = {
				BUNDLE_LOADER = "$(TEST_HOST)";
				INFOPLIST_FILE = IntraCityServiceTests/Info.plist;
				LD_RUNPATH_SEARCH_PATHS = "$(inherited) @executable_path/Frameworks @loader_path/Frameworks";
				PRODUCT_BUNDLE_IDENTIFIER = com.ningchanglong.IntraCityServiceTests;
				PRODUCT_NAME = "$(TARGET_NAME)";
				TEST_HOST = "$(BUILT_PRODUCTS_DIR)/IntraCityService.app/IntraCityService";
			};
			name = Release;
		};
		E9D2D2621D9E034B0081CBCD /* Debug */ = {
			isa = XCBuildConfiguration;
			buildSettings = {
				INFOPLIST_FILE = IntraCityServiceUITests/Info.plist;
				LD_RUNPATH_SEARCH_PATHS = "$(inherited) @executable_path/Frameworks @loader_path/Frameworks";
				PRODUCT_BUNDLE_IDENTIFIER = com.ningchanglong.IntraCityServiceUITests;
				PRODUCT_NAME = "$(TARGET_NAME)";
				TEST_TARGET_NAME = IntraCityService;
				USES_XCTRUNNER = YES;
			};
			name = Debug;
		};
		E9D2D2631D9E034B0081CBCD /* Release */ = {
			isa = XCBuildConfiguration;
			buildSettings = {
				INFOPLIST_FILE = IntraCityServiceUITests/Info.plist;
				LD_RUNPATH_SEARCH_PATHS = "$(inherited) @executable_path/Frameworks @loader_path/Frameworks";
				PRODUCT_BUNDLE_IDENTIFIER = com.ningchanglong.IntraCityServiceUITests;
				PRODUCT_NAME = "$(TARGET_NAME)";
				TEST_TARGET_NAME = IntraCityService;
				USES_XCTRUNNER = YES;
			};
			name = Release;
		};
/* End XCBuildConfiguration section */

/* Begin XCConfigurationList section */
		E9D2D2291D9E034B0081CBCD /* Build configuration list for PBXProject "IntraCityService" */ = {
			isa = XCConfigurationList;
			buildConfigurations = (
				E9D2D2591D9E034B0081CBCD /* Debug */,
				E9D2D25A1D9E034B0081CBCD /* Release */,
			);
			defaultConfigurationIsVisible = 0;
			defaultConfigurationName = Release;
		};
		E9D2D25B1D9E034B0081CBCD /* Build configuration list for PBXNativeTarget "IntraCityService" */ = {
			isa = XCConfigurationList;
			buildConfigurations = (
				E9D2D25C1D9E034B0081CBCD /* Debug */,
				E9D2D25D1D9E034B0081CBCD /* Release */,
			);
			defaultConfigurationIsVisible = 0;
		};
		E9D2D25E1D9E034B0081CBCD /* Build configuration list for PBXNativeTarget "IntraCityServiceTests" */ = {
			isa = XCConfigurationList;
			buildConfigurations = (
				E9D2D25F1D9E034B0081CBCD /* Debug */,
				E9D2D2601D9E034B0081CBCD /* Release */,
			);
			defaultConfigurationIsVisible = 0;
		};
		E9D2D2611D9E034B0081CBCD /* Build configuration list for PBXNativeTarget "IntraCityServiceUITests" */ = {
			isa = XCConfigurationList;
			buildConfigurations = (
				E9D2D2621D9E034B0081CBCD /* Debug */,
				E9D2D2631D9E034B0081CBCD /* Release */,
			);
			defaultConfigurationIsVisible = 0;
		};
/* End XCConfigurationList section */
	};
	rootObject = E9D2D2261D9E034B0081CBCD /* Project object */;
}
